
Microsoft Visual Studio Solution File, Format Version 12.00
# Visual Studio 15
VisualStudioVersion = 15.0.28307.136
MinimumVisualStudioVersion = 10.0.40219.1
Project("{FAE04EC0-301F-11D3-BF4B-00C04F79EFBC}") = "UI", "UI\UI.csproj", "{0F7752A8-1980-4658-941B-C107FD9E5A0F}"
EndProject
Project("{FAE04EC0-301F-11D3-BF4B-00C04F79EFBC}") = "BLL", "BLL\BLL.csproj", "{2E0CE693-9136-4930-95F2-9A68A4602296}"
EndProject
Project("{FAE04EC0-301F-11D3-BF4B-00C04F79EFBC}") = "DAL_EF", "DAL_EF\DAL_EF.csproj", "{EC47DEE2-C467-4099-990A-6F4D8B6BE91C}"
EndProject
Project("{FAE04EC0-301F-11D3-BF4B-00C04F79EFBC}") = "DAL_Adonet", "DAL_Adonet\DAL_Adonet.csproj", "{05BB6EBD-D1AA-4E42-A08D-9717AC215C75}"
EndProject
Project("{FAE04EC0-301F-11D3-BF4B-00C04F79EFBC}") = "WebApi", "WebApi\WebApi.csproj", "{44C996E7-9C6E-47C7-B5D8-AFA0F3AC649E}"
EndProject
Global
	GlobalSection(SolutionConfigurationPlatforms) = preSolution
		Debug|Any CPU = Debug|Any CPU
		Release|Any CPU = Release|Any CPU
	EndGlobalSection
	GlobalSection(ProjectConfigurationPlatforms) = postSolution
		{0F7752A8-1980-4658-941B-C107FD9E5A0F}.Debug|Any CPU.ActiveCfg = Debug|Any CPU
		{0F7752A8-1980-4658-941B-C107FD9E5A0F}.Debug|Any CPU.Build.0 = Debug|Any CPU
		{0F7752A8-1980-4658-941B-C107FD9E5A0F}.Release|Any CPU.ActiveCfg = Release|Any CPU
		{0F7752A8-1980-4658-941B-C107FD9E5A0F}.Release|Any CPU.Build.0 = Release|Any CPU
		{2E0CE693-9136-4930-95F2-9A68A4602296}.Debug|Any CPU.ActiveCfg = Debug|Any CPU
		{2E0CE693-9136-4930-95F2-9A68A4602296}.Debug|Any CPU.Build.0 = Debug|Any CPU
		{2E0CE693-9136-4930-95F2-9A68A4602296}.Release|Any CPU.ActiveCfg = Release|Any CPU
		{2E0CE693-9136-4930-95F2-9A68A4602296}.Release|Any CPU.Build.0 = Release|Any CPU
		{EC47DEE2-C467-4099-990A-6F4D8B6BE91C}.Debug|Any CPU.ActiveCfg = Debug|Any CPU
		{EC47DEE2-C467-4099-990A-6F4D8B6BE91C}.Debug|Any CPU.Build.0 = Debug|Any CPU
		{EC47DEE2-C467-4099-990A-6F4D8B6BE91C}.Release|Any CPU.ActiveCfg = Release|Any CPU
		{EC47DEE2-C467-4099-990A-6F4D8B6BE91C}.Release|Any CPU.Build.0 = Release|Any CPU
		{05BB6EBD-D1AA-4E42-A08D-9717AC215C75}.Debug|Any CPU.ActiveCfg = Debug|Any CPU
		{05BB6EBD-D1AA-4E42-A08D-9717AC215C75}.Debug|Any CPU.Build.0 = Debug|Any CPU
		{05BB6EBD-D1AA-4E42-A08D-9717AC215C75}.Release|Any CPU.ActiveCfg = Release|Any CPU
		{05BB6EBD-D1AA-4E42-A08D-9717AC215C75}.Release|Any CPU.Build.0 = Release|Any CPU
		{44C996E7-9C6E-47C7-B5D8-AFA0F3AC649E}.Debug|Any CPU.ActiveCfg = Debug|Any CPU
		{44C996E7-9C6E-47C7-B5D8-AFA0F3AC649E}.Debug|Any CPU.Build.0 = Debug|Any CPU
		{44C996E7-9C6E-47C7-B5D8-AFA0F3AC649E}.Release|Any CPU.ActiveCfg = Release|Any CPU
		{44C996E7-9C6E-47C7-B5D8-AFA0F3AC649E}.Release|Any CPU.Build.0 = Release|Any CPU
	EndGlobalSection
	GlobalSection(SolutionProperties) = preSolution
		HideSolutionNode = FALSE
	EndGlobalSection
	GlobalSection(ExtensibilityGlobals) = postSolution
		SolutionGuid = {75427DB4-06E8-44E4-B601-F688A2ECB8D7}
	EndGlobalSection
EndGlobal
